
Microsoft Visual Studio Solution File, Format Version 12.00
# Visual Studio Version 16
VisualStudioVersion = 16.0.30413.136
MinimumVisualStudioVersion = 10.0.40219.1
Project("{FAE04EC0-301F-11D3-BF4B-00C04F79EFBC}") = "MvxStarter.Core", "MvxStarter.Core\MvxStarter.Core.csproj", "{1C364857-09D9-4FDA-9957-966ACBFF0F11}"
EndProject
Project("{FAE04EC0-301F-11D3-BF4B-00C04F79EFBC}") = "MvxStarter.Wpf", "MvxStarter.Wpf\MvxStarter.Wpf.csproj", "{BE180F35-411C-476C-85D5-04E1D1F10669}"
EndProject
Global
	GlobalSection(SolutionConfigurationPlatforms) = preSolution
		Debug|Any CPU = Debug|Any CPU
		Release|Any CPU = Release|Any CPU
	EndGlobalSection
	GlobalSection(ProjectConfigurationPlatforms) = postSolution
		{1C364857-09D9-4FDA-9957-966ACBFF0F11}.Debug|Any CPU.ActiveCfg = Debug|Any CPU
		{1C364857-09D9-4FDA-9957-966ACBFF0F11}.Debug|Any CPU.Build.0 = Debug|Any CPU
		{1C364857-09D9-4FDA-9957-966ACBFF0F11}.Release|Any CPU.ActiveCfg = Release|Any CPU
		{1C364857-09D9-4FDA-9957-966ACBFF0F11}.Release|Any CPU.Build.0 = Release|Any CPU
		{BE180F35-411C-476C-85D5-04E1D1F10669}.Debug|Any CPU.ActiveCfg = Debug|Any CPU
		{BE180F35-411C-476C-85D5-04E1D1F10669}.Debug|Any CPU.Build.0 = Debug|Any CPU
		{BE180F35-411C-476C-85D5-04E1D1F10669}.Release|Any CPU.ActiveCfg = Release|Any CPU
		{BE180F35-411C-476C-85D5-04E1D1F10669}.Release|Any CPU.Build.0 = Release|Any CPU
	EndGlobalSection
	GlobalSection(SolutionProperties) = preSolution
		HideSolutionNode = FALSE
	EndGlobalSection
	GlobalSection(ExtensibilityGlobals) = postSolution
		SolutionGuid = {74139A2C-2A85-4616-AFF0-69EB6ABC9E7F}
	EndGlobalSection
EndGlobal
