
Microsoft Visual Studio Solution File, Format Version 12.00
# Visual Studio Version 16
VisualStudioVersion = 16.0.30907.101
MinimumVisualStudioVersion = 10.0.40219.1
Project("{FAE04EC0-301F-11D3-BF4B-00C04F79EFBC}") = "WPFUI", "WPFUI\WPFUI.csproj", "{D17A5C5F-765E-4D60-B26C-933A4F67F613}"
EndProject
Project("{FAE04EC0-301F-11D3-BF4B-00C04F79EFBC}") = "DemoLibrary", "DemoLibrary\DemoLibrary.csproj", "{0281AA19-4951-40F3-A001-DFA0365E38FC}"
EndProject
Global
	GlobalSection(SolutionConfigurationPlatforms) = preSolution
		Debug|Any CPU = Debug|Any CPU
		Release|Any CPU = Release|Any CPU
	EndGlobalSection
	GlobalSection(ProjectConfigurationPlatforms) = postSolution
		{D17A5C5F-765E-4D60-B26C-933A4F67F613}.Debug|Any CPU.ActiveCfg = Debug|Any CPU
		{D17A5C5F-765E-4D60-B26C-933A4F67F613}.Debug|Any CPU.Build.0 = Debug|Any CPU
		{D17A5C5F-765E-4D60-B26C-933A4F67F613}.Release|Any CPU.ActiveCfg = Release|Any CPU
		{D17A5C5F-765E-4D60-B26C-933A4F67F613}.Release|Any CPU.Build.0 = Release|Any CPU
		{0281AA19-4951-40F3-A001-DFA0365E38FC}.Debug|Any CPU.ActiveCfg = Debug|Any CPU
		{0281AA19-4951-40F3-A001-DFA0365E38FC}.Debug|Any CPU.Build.0 = Debug|Any CPU
		{0281AA19-4951-40F3-A001-DFA0365E38FC}.Release|Any CPU.ActiveCfg = Release|Any CPU
		{0281AA19-4951-40F3-A001-DFA0365E38FC}.Release|Any CPU.Build.0 = Release|Any CPU
	EndGlobalSection
	GlobalSection(SolutionProperties) = preSolution
		HideSolutionNode = FALSE
	EndGlobalSection
	GlobalSection(ExtensibilityGlobals) = postSolution
		SolutionGuid = {CA100152-1937-4A1F-8F8F-36870766F972}
	EndGlobalSection
EndGlobal
